// !$*UTF8*$!
{
	archiveVersion = 1;
	classes = {
	};
	objectVersion = 50;
	objects = {

/* Begin PBXBuildFile section */
		5169D48426EFCB07002F33B9 /* GitTableViewCell.swift in Sources */ = {isa = PBXBuildFile; fileRef = 5169D48326EFCB07002F33B9 /* GitTableViewCell.swift */; };
		518A20F026EE845400CFAFC8 /* AppDelegate.swift in Sources */ = {isa = PBXBuildFile; fileRef = 518A20EF26EE845400CFAFC8 /* AppDelegate.swift */; };
		518A20F226EE845400CFAFC8 /* SceneDelegate.swift in Sources */ = {isa = PBXBuildFile; fileRef = 518A20F126EE845400CFAFC8 /* SceneDelegate.swift */; };
		518A20F926EE845600CFAFC8 /* Assets.xcassets in Resources */ = {isa = PBXBuildFile; fileRef = 518A20F826EE845600CFAFC8 /* Assets.xcassets */; };
		518A20FC26EE845600CFAFC8 /* LaunchScreen.storyboard in Resources */ = {isa = PBXBuildFile; fileRef = 518A20FA26EE845600CFAFC8 /* LaunchScreen.storyboard */; };
		518A210726EE845600CFAFC8 /* bCashTests.swift in Sources */ = {isa = PBXBuildFile; fileRef = 518A210626EE845600CFAFC8 /* bCashTests.swift */; };
		518A211226EE845600CFAFC8 /* bCashUITests.swift in Sources */ = {isa = PBXBuildFile; fileRef = 518A211126EE845600CFAFC8 /* bCashUITests.swift */; };
		518A212126EE84FC00CFAFC8 /* LoginViewController.swift in Sources */ = {isa = PBXBuildFile; fileRef = 518A212026EE84FC00CFAFC8 /* LoginViewController.swift */; };
		518A212326EE874A00CFAFC8 /* BCButton.swift in Sources */ = {isa = PBXBuildFile; fileRef = 518A212226EE874A00CFAFC8 /* BCButton.swift */; };
		518A212826EE98F000CFAFC8 /* Localize.strings in Resources */ = {isa = PBXBuildFile; fileRef = 518A212A26EE98F000CFAFC8 /* Localize.strings */; };
		518A212D26EE997000CFAFC8 /* String+Ext.swift in Sources */ = {isa = PBXBuildFile; fileRef = 518A212C26EE997000CFAFC8 /* String+Ext.swift */; };
		518A213326EEA05D00CFAFC8 /* AMPLocalizeUtils.swift in Sources */ = {isa = PBXBuildFile; fileRef = 518A213226EEA05D00CFAFC8 /* AMPLocalizeUtils.swift */; };
		518A213526EEA3B800CFAFC8 /* Constants.swift in Sources */ = {isa = PBXBuildFile; fileRef = 518A213426EEA3B800CFAFC8 /* Constants.swift */; };
		518A213726EEB91B00CFAFC8 /* UIViewController+Ext.swift in Sources */ = {isa = PBXBuildFile; fileRef = 518A213626EEB91B00CFAFC8 /* UIViewController+Ext.swift */; };
		518A213926EF248F00CFAFC8 /* MainViewController.swift in Sources */ = {isa = PBXBuildFile; fileRef = 518A213826EF248F00CFAFC8 /* MainViewController.swift */; };
		518A213E26EF7F6800CFAFC8 /* GitUsers.swift in Sources */ = {isa = PBXBuildFile; fileRef = 518A213D26EF7F6800CFAFC8 /* GitUsers.swift */; };
		518A214126EF801A00CFAFC8 /* NetworkManager.swift in Sources */ = {isa = PBXBuildFile; fileRef = 518A214026EF801A00CFAFC8 /* NetworkManager.swift */; };
		518A214326EF80C800CFAFC8 /* GFError.swift in Sources */ = {isa = PBXBuildFile; fileRef = 518A214226EF80C800CFAFC8 /* GFError.swift */; };
/* End PBXBuildFile section */

/* Begin PBXContainerItemProxy section */
		518A210326EE845600CFAFC8 /* PBXContainerItemProxy */ = {
			isa = PBXContainerItemProxy;
			containerPortal = 518A20E426EE845400CFAFC8 /* Project object */;
			proxyType = 1;
			remoteGlobalIDString = 518A20EB26EE845400CFAFC8;
			remoteInfo = bCash;
		};
		518A210E26EE845600CFAFC8 /* PBXContainerItemProxy */ = {
			isa = PBXContainerItemProxy;
			containerPortal = 518A20E426EE845400CFAFC8 /* Project object */;
			proxyType = 1;
			remoteGlobalIDString = 518A20EB26EE845400CFAFC8;
			remoteInfo = bCash;
		};
/* End PBXContainerItemProxy section */

/* Begin PBXFileReference section */
		5169D48326EFCB07002F33B9 /* GitTableViewCell.swift */ = {isa = PBXFileReference; lastKnownFileType = sourcecode.swift; path = GitTableViewCell.swift; sourceTree = "<group>"; };
		518A20EC26EE845400CFAFC8 /* bCash.app */ = {isa = PBXFileReference; explicitFileType = wrapper.application; includeInIndex = 0; path = bCash.app; sourceTree = BUILT_PRODUCTS_DIR; };
		518A20EF26EE845400CFAFC8 /* AppDelegate.swift */ = {isa = PBXFileReference; lastKnownFileType = sourcecode.swift; path = AppDelegate.swift; sourceTree = "<group>"; };
		518A20F126EE845400CFAFC8 /* SceneDelegate.swift */ = {isa = PBXFileReference; lastKnownFileType = sourcecode.swift; path = SceneDelegate.swift; sourceTree = "<group>"; };
		518A20F826EE845600CFAFC8 /* Assets.xcassets */ = {isa = PBXFileReference; lastKnownFileType = folder.assetcatalog; path = Assets.xcassets; sourceTree = "<group>"; };
		518A20FB26EE845600CFAFC8 /* Base */ = {isa = PBXFileReference; lastKnownFileType = file.storyboard; name = Base; path = Base.lproj/LaunchScreen.storyboard; sourceTree = "<group>"; };
		518A20FD26EE845600CFAFC8 /* Info.plist */ = {isa = PBXFileReference; lastKnownFileType = text.plist.xml; path = Info.plist; sourceTree = "<group>"; };
		518A210226EE845600CFAFC8 /* bCashTests.xctest */ = {isa = PBXFileReference; explicitFileType = wrapper.cfbundle; includeInIndex = 0; path = bCashTests.xctest; sourceTree = BUILT_PRODUCTS_DIR; };
		518A210626EE845600CFAFC8 /* bCashTests.swift */ = {isa = PBXFileReference; lastKnownFileType = sourcecode.swift; path = bCashTests.swift; sourceTree = "<group>"; };
		518A210826EE845600CFAFC8 /* Info.plist */ = {isa = PBXFileReference; lastKnownFileType = text.plist.xml; path = Info.plist; sourceTree = "<group>"; };
		518A210D26EE845600CFAFC8 /* bCashUITests.xctest */ = {isa = PBXFileReference; explicitFileType = wrapper.cfbundle; includeInIndex = 0; path = bCashUITests.xctest; sourceTree = BUILT_PRODUCTS_DIR; };
		518A211126EE845600CFAFC8 /* bCashUITests.swift */ = {isa = PBXFileReference; lastKnownFileType = sourcecode.swift; path = bCashUITests.swift; sourceTree = "<group>"; };
		518A211326EE845600CFAFC8 /* Info.plist */ = {isa = PBXFileReference; lastKnownFileType = text.plist.xml; path = Info.plist; sourceTree = "<group>"; };
		518A212026EE84FC00CFAFC8 /* LoginViewController.swift */ = {isa = PBXFileReference; lastKnownFileType = sourcecode.swift; path = LoginViewController.swift; sourceTree = "<group>"; };
		518A212226EE874A00CFAFC8 /* BCButton.swift */ = {isa = PBXFileReference; lastKnownFileType = sourcecode.swift; path = BCButton.swift; sourceTree = "<group>"; };
		518A212926EE98F000CFAFC8 /* en */ = {isa = PBXFileReference; lastKnownFileType = text.plist.strings; name = en; path = en.lproj/Localize.strings; sourceTree = "<group>"; };
		518A212B26EE990400CFAFC8 /* bn-BD */ = {isa = PBXFileReference; lastKnownFileType = text.plist.strings; name = "bn-BD"; path = "bn-BD.lproj/Localize.strings"; sourceTree = "<group>"; };
		518A212C26EE997000CFAFC8 /* String+Ext.swift */ = {isa = PBXFileReference; lastKnownFileType = sourcecode.swift; path = "String+Ext.swift"; sourceTree = "<group>"; };
		518A213226EEA05D00CFAFC8 /* AMPLocalizeUtils.swift */ = {isa = PBXFileReference; lastKnownFileType = sourcecode.swift; path = AMPLocalizeUtils.swift; sourceTree = "<group>"; };
		518A213426EEA3B800CFAFC8 /* Constants.swift */ = {isa = PBXFileReference; lastKnownFileType = sourcecode.swift; path = Constants.swift; sourceTree = "<group>"; };
		518A213626EEB91B00CFAFC8 /* UIViewController+Ext.swift */ = {isa = PBXFileReference; lastKnownFileType = sourcecode.swift; path = "UIViewController+Ext.swift"; sourceTree = "<group>"; };
		518A213826EF248F00CFAFC8 /* MainViewController.swift */ = {isa = PBXFileReference; lastKnownFileType = sourcecode.swift; path = MainViewController.swift; sourceTree = "<group>"; };
		518A213D26EF7F6800CFAFC8 /* GitUsers.swift */ = {isa = PBXFileReference; lastKnownFileType = sourcecode.swift; path = GitUsers.swift; sourceTree = "<group>"; };
		518A214026EF801A00CFAFC8 /* NetworkManager.swift */ = {isa = PBXFileReference; fileEncoding = 4; lastKnownFileType = sourcecode.swift; path = NetworkManager.swift; sourceTree = "<group>"; };
		518A214226EF80C800CFAFC8 /* GFError.swift */ = {isa = PBXFileReference; fileEncoding = 4; lastKnownFileType = sourcecode.swift; path = GFError.swift; sourceTree = "<group>"; };
/* End PBXFileReference section */

/* Begin PBXFrameworksBuildPhase section */
		518A20E926EE845400CFAFC8 /* Frameworks */ = {
			isa = PBXFrameworksBuildPhase;
			buildActionMask = 2147483647;
			files = (
			);
			runOnlyForDeploymentPostprocessing = 0;
		};
		518A20FF26EE845600CFAFC8 /* Frameworks */ = {
			isa = PBXFrameworksBuildPhase;
			buildActionMask = 2147483647;
			files = (
			);
			runOnlyForDeploymentPostprocessing = 0;
		};
		518A210A26EE845600CFAFC8 /* Frameworks */ = {
			isa = PBXFrameworksBuildPhase;
			buildActionMask = 2147483647;
			files = (
			);
			runOnlyForDeploymentPostprocessing = 0;
		};
/* End PBXFrameworksBuildPhase section */

/* Begin PBXGroup section */
		5169D48526EFCD37002F33B9 /* views */ = {
			isa = PBXGroup;
			children = (
				5169D48326EFCB07002F33B9 /* GitTableViewCell.swift */,
			);
			path = views;
			sourceTree = "<group>";
		};
		518A20E326EE845400CFAFC8 = {
			isa = PBXGroup;
			children = (
				518A20EE26EE845400CFAFC8 /* bCash */,
				518A210526EE845600CFAFC8 /* bCashTests */,
				518A211026EE845600CFAFC8 /* bCashUITests */,
				518A20ED26EE845400CFAFC8 /* Products */,
			);
			sourceTree = "<group>";
		};
		518A20ED26EE845400CFAFC8 /* Products */ = {
			isa = PBXGroup;
			children = (
				518A20EC26EE845400CFAFC8 /* bCash.app */,
				518A210226EE845600CFAFC8 /* bCashTests.xctest */,
				518A210D26EE845600CFAFC8 /* bCashUITests.xctest */,
			);
			name = Products;
			sourceTree = "<group>";
		};
		518A20EE26EE845400CFAFC8 /* bCash */ = {
			isa = PBXGroup;
			children = (
				5169D48526EFCD37002F33B9 /* views */,
				518A213F26EF801100CFAFC8 /* managers */,
				518A213C26EF7F5800CFAFC8 /* models */,
				518A213026EE9FA600CFAFC8 /* custom_views */,
				518A212E26EE9F8500CFAFC8 /* support */,
				518A211F26EE84F200CFAFC8 /* controller */,
				518A20EF26EE845400CFAFC8 /* AppDelegate.swift */,
				518A20F126EE845400CFAFC8 /* SceneDelegate.swift */,
				518A20F826EE845600CFAFC8 /* Assets.xcassets */,
				518A20FA26EE845600CFAFC8 /* LaunchScreen.storyboard */,
				518A20FD26EE845600CFAFC8 /* Info.plist */,
			);
			path = bCash;
			sourceTree = "<group>";
		};
		518A210526EE845600CFAFC8 /* bCashTests */ = {
			isa = PBXGroup;
			children = (
				518A210626EE845600CFAFC8 /* bCashTests.swift */,
				518A210826EE845600CFAFC8 /* Info.plist */,
			);
			path = bCashTests;
			sourceTree = "<group>";
		};
		518A211026EE845600CFAFC8 /* bCashUITests */ = {
			isa = PBXGroup;
			children = (
				518A211126EE845600CFAFC8 /* bCashUITests.swift */,
				518A211326EE845600CFAFC8 /* Info.plist */,
			);
			path = bCashUITests;
			sourceTree = "<group>";
		};
		518A211F26EE84F200CFAFC8 /* controller */ = {
			isa = PBXGroup;
			children = (
				518A212026EE84FC00CFAFC8 /* LoginViewController.swift */,
				518A213826EF248F00CFAFC8 /* MainViewController.swift */,
			);
			path = controller;
			sourceTree = "<group>";
		};
		518A212E26EE9F8500CFAFC8 /* support */ = {
			isa = PBXGroup;
			children = (
				518A214226EF80C800CFAFC8 /* GFError.swift */,
				518A213126EEA01100CFAFC8 /* lang */,
				518A212F26EE9F9500CFAFC8 /* extension */,
				518A212A26EE98F000CFAFC8 /* Localize.strings */,
				518A213426EEA3B800CFAFC8 /* Constants.swift */,
			);
			path = support;
			sourceTree = "<group>";
		};
		518A212F26EE9F9500CFAFC8 /* extension */ = {
			isa = PBXGroup;
			children = (
				518A212C26EE997000CFAFC8 /* String+Ext.swift */,
				518A213626EEB91B00CFAFC8 /* UIViewController+Ext.swift */,
			);
			path = extension;
			sourceTree = "<group>";
		};
		518A213026EE9FA600CFAFC8 /* custom_views */ = {
			isa = PBXGroup;
			children = (
				518A212226EE874A00CFAFC8 /* BCButton.swift */,
			);
			path = custom_views;
			sourceTree = "<group>";
		};
		518A213126EEA01100CFAFC8 /* lang */ = {
			isa = PBXGroup;
			children = (
				518A213226EEA05D00CFAFC8 /* AMPLocalizeUtils.swift */,
			);
			path = lang;
			sourceTree = "<group>";
		};
		518A213C26EF7F5800CFAFC8 /* models */ = {
			isa = PBXGroup;
			children = (
				518A213D26EF7F6800CFAFC8 /* GitUsers.swift */,
			);
			path = models;
			sourceTree = "<group>";
		};
		518A213F26EF801100CFAFC8 /* managers */ = {
			isa = PBXGroup;
			children = (
				518A214026EF801A00CFAFC8 /* NetworkManager.swift */,
			);
			path = managers;
			sourceTree = "<group>";
		};
/* End PBXGroup section */

/* Begin PBXNativeTarget section */
		518A20EB26EE845400CFAFC8 /* bCash */ = {
			isa = PBXNativeTarget;
			buildConfigurationList = 518A211626EE845600CFAFC8 /* Build configuration list for PBXNativeTarget "bCash" */;
			buildPhases = (
				518A20E826EE845400CFAFC8 /* Sources */,
				518A20E926EE845400CFAFC8 /* Frameworks */,
				518A20EA26EE845400CFAFC8 /* Resources */,
			);
			buildRules = (
			);
			dependencies = (
			);
			name = bCash;
			productName = bCash;
			productReference = 518A20EC26EE845400CFAFC8 /* bCash.app */;
			productType = "com.apple.product-type.application";
		};
		518A210126EE845600CFAFC8 /* bCashTests */ = {
			isa = PBXNativeTarget;
			buildConfigurationList = 518A211926EE845600CFAFC8 /* Build configuration list for PBXNativeTarget "bCashTests" */;
			buildPhases = (
				518A20FE26EE845600CFAFC8 /* Sources */,
				518A20FF26EE845600CFAFC8 /* Frameworks */,
				518A210026EE845600CFAFC8 /* Resources */,
			);
			buildRules = (
			);
			dependencies = (
				518A210426EE845600CFAFC8 /* PBXTargetDependency */,
			);
			name = bCashTests;
			productName = bCashTests;
			productReference = 518A210226EE845600CFAFC8 /* bCashTests.xctest */;
			productType = "com.apple.product-type.bundle.unit-test";
		};
		518A210C26EE845600CFAFC8 /* bCashUITests */ = {
			isa = PBXNativeTarget;
			buildConfigurationList = 518A211C26EE845600CFAFC8 /* Build configuration list for PBXNativeTarget "bCashUITests" */;
			buildPhases = (
				518A210926EE845600CFAFC8 /* Sources */,
				518A210A26EE845600CFAFC8 /* Frameworks */,
				518A210B26EE845600CFAFC8 /* Resources */,
			);
			buildRules = (
			);
			dependencies = (
				518A210F26EE845600CFAFC8 /* PBXTargetDependency */,
			);
			name = bCashUITests;
			productName = bCashUITests;
			productReference = 518A210D26EE845600CFAFC8 /* bCashUITests.xctest */;
			productType = "com.apple.product-type.bundle.ui-testing";
		};
/* End PBXNativeTarget section */

/* Begin PBXProject section */
		518A20E426EE845400CFAFC8 /* Project object */ = {
			isa = PBXProject;
			attributes = {
				LastSwiftUpdateCheck = 1250;
				LastUpgradeCheck = 1250;
				TargetAttributes = {
					518A20EB26EE845400CFAFC8 = {
						CreatedOnToolsVersion = 12.5.1;
					};
					518A210126EE845600CFAFC8 = {
						CreatedOnToolsVersion = 12.5.1;
						TestTargetID = 518A20EB26EE845400CFAFC8;
					};
					518A210C26EE845600CFAFC8 = {
						CreatedOnToolsVersion = 12.5.1;
						TestTargetID = 518A20EB26EE845400CFAFC8;
					};
				};
			};
			buildConfigurationList = 518A20E726EE845400CFAFC8 /* Build configuration list for PBXProject "bCash" */;
			compatibilityVersion = "Xcode 9.3";
			developmentRegion = en;
			hasScannedForEncodings = 0;
			knownRegions = (
				en,
				Base,
				"bn-BD",
			);
			mainGroup = 518A20E326EE845400CFAFC8;
			productRefGroup = 518A20ED26EE845400CFAFC8 /* Products */;
			projectDirPath = "";
			projectRoot = "";
			targets = (
				518A20EB26EE845400CFAFC8 /* bCash */,
				518A210126EE845600CFAFC8 /* bCashTests */,
				518A210C26EE845600CFAFC8 /* bCashUITests */,
			);
		};
/* End PBXProject section */

/* Begin PBXResourcesBuildPhase section */
		518A20EA26EE845400CFAFC8 /* Resources */ = {
			isa = PBXResourcesBuildPhase;
			buildActionMask = 2147483647;
			files = (
				518A20FC26EE845600CFAFC8 /* LaunchScreen.storyboard in Resources */,
				518A20F926EE845600CFAFC8 /* Assets.xcassets in Resources */,
				518A212826EE98F000CFAFC8 /* Localize.strings in Resources */,
			);
			runOnlyForDeploymentPostprocessing = 0;
		};
		518A210026EE845600CFAFC8 /* Resources */ = {
			isa = PBXResourcesBuildPhase;
			buildActionMask = 2147483647;
			files = (
			);
			runOnlyForDeploymentPostprocessing = 0;
		};
		518A210B26EE845600CFAFC8 /* Resources */ = {
			isa = PBXResourcesBuildPhase;
			buildActionMask = 2147483647;
			files = (
			);
			runOnlyForDeploymentPostprocessing = 0;
		};
/* End PBXResourcesBuildPhase section */

/* Begin PBXSourcesBuildPhase section */
		518A20E826EE845400CFAFC8 /* Sources */ = {
			isa = PBXSourcesBuildPhase;
			buildActionMask = 2147483647;
			files = (
				518A212D26EE997000CFAFC8 /* String+Ext.swift in Sources */,
				518A212126EE84FC00CFAFC8 /* LoginViewController.swift in Sources */,
				518A20F026EE845400CFAFC8 /* AppDelegate.swift in Sources */,
				518A213326EEA05D00CFAFC8 /* AMPLocalizeUtils.swift in Sources */,
				518A214126EF801A00CFAFC8 /* NetworkManager.swift in Sources */,
				518A212326EE874A00CFAFC8 /* BCButton.swift in Sources */,
				518A20F226EE845400CFAFC8 /* SceneDelegate.swift in Sources */,
				5169D48426EFCB07002F33B9 /* GitTableViewCell.swift in Sources */,
				518A213926EF248F00CFAFC8 /* MainViewController.swift in Sources */,
				518A213726EEB91B00CFAFC8 /* UIViewController+Ext.swift in Sources */,
				518A213526EEA3B800CFAFC8 /* Constants.swift in Sources */,
				518A213E26EF7F6800CFAFC8 /* GitUsers.swift in Sources */,
				518A214326EF80C800CFAFC8 /* GFError.swift in Sources */,
			);
			runOnlyForDeploymentPostprocessing = 0;
		};
		518A20FE26EE845600CFAFC8 /* Sources */ = {
			isa = PBXSourcesBuildPhase;
			buildActionMask = 2147483647;
			files = (
				518A210726EE845600CFAFC8 /* bCashTests.swift in Sources */,
			);
			runOnlyForDeploymentPostprocessing = 0;
		};
		518A210926EE845600CFAFC8 /* Sources */ = {
			isa = PBXSourcesBuildPhase;
			buildActionMask = 2147483647;
			files = (
				518A211226EE845600CFAFC8 /* bCashUITests.swift in Sources */,
			);
			runOnlyForDeploymentPostprocessing = 0;
		};
/* End PBXSourcesBuildPhase section */

/* Begin PBXTargetDependency section */
		518A210426EE845600CFAFC8 /* PBXTargetDependency */ = {
			isa = PBXTargetDependency;
			target = 518A20EB26EE845400CFAFC8 /* bCash */;
			targetProxy = 518A210326EE845600CFAFC8 /* PBXContainerItemProxy */;
		};
		518A210F26EE845600CFAFC8 /* PBXTargetDependency */ = {
			isa = PBXTargetDependency;
			target = 518A20EB26EE845400CFAFC8 /* bCash */;
			targetProxy = 518A210E26EE845600CFAFC8 /* PBXContainerItemProxy */;
		};
/* End PBXTargetDependency section */

/* Begin PBXVariantGroup section */
		518A20FA26EE845600CFAFC8 /* LaunchScreen.storyboard */ = {
			isa = PBXVariantGroup;
			children = (
				518A20FB26EE845600CFAFC8 /* Base */,
			);
			name = LaunchScreen.storyboard;
			sourceTree = "<group>";
		};
		518A212A26EE98F000CFAFC8 /* Localize.strings */ = {
			isa = PBXVariantGroup;
			children = (
				518A212926EE98F000CFAFC8 /* en */,
				518A212B26EE990400CFAFC8 /* bn-BD */,
			);
			name = Localize.strings;
			sourceTree = "<group>";
		};
/* End PBXVariantGroup section */

/* Begin XCBuildConfiguration section */
		518A211426EE845600CFAFC8 /* Debug */ = {
			isa = XCBuildConfiguration;
			buildSettings = {
				ALWAYS_SEARCH_USER_PATHS = NO;
				CLANG_ANALYZER_LOCALIZABILITY_NONLOCALIZED = YES;
				CLANG_ANALYZER_NONNULL = YES;
				CLANG_ANALYZER_NUMBER_OBJECT_CONVERSION = YES_AGGRESSIVE;
				CLANG_CXX_LANGUAGE_STANDARD = "gnu++14";
				CLANG_CXX_LIBRARY = "libc++";
				CLANG_ENABLE_MODULES = YES;
				CLANG_ENABLE_OBJC_ARC = YES;
				CLANG_ENABLE_OBJC_WEAK = YES;
				CLANG_WARN_BLOCK_CAPTURE_AUTORELEASING = YES;
				CLANG_WARN_BOOL_CONVERSION = YES;
				CLANG_WARN_COMMA = YES;
				CLANG_WARN_CONSTANT_CONVERSION = YES;
				CLANG_WARN_DEPRECATED_OBJC_IMPLEMENTATIONS = YES;
				CLANG_WARN_DIRECT_OBJC_ISA_USAGE = YES_ERROR;
				CLANG_WARN_DOCUMENTATION_COMMENTS = YES;
				CLANG_WARN_EMPTY_BODY = YES;
				CLANG_WARN_ENUM_CONVERSION = YES;
				CLANG_WARN_INFINITE_RECURSION = YES;
				CLANG_WARN_INT_CONVERSION = YES;
				CLANG_WARN_NON_LITERAL_NULL_CONVERSION = YES;
				CLANG_WARN_OBJC_IMPLICIT_RETAIN_SELF = YES;
				CLANG_WARN_OBJC_LITERAL_CONVERSION = YES;
				CLANG_WARN_OBJC_ROOT_CLASS = YES_ERROR;
				CLANG_WARN_QUOTED_INCLUDE_IN_FRAMEWORK_HEADER = YES;
				CLANG_WARN_RANGE_LOOP_ANALYSIS = YES;
				CLANG_WARN_STRICT_PROTOTYPES = YES;
				CLANG_WARN_SUSPICIOUS_MOVE = YES;
				CLANG_WARN_UNGUARDED_AVAILABILITY = YES_AGGRESSIVE;
				CLANG_WARN_UNREACHABLE_CODE = YES;
				CLANG_WARN__DUPLICATE_METHOD_MATCH = YES;
				COPY_PHASE_STRIP = NO;
				DEBUG_INFORMATION_FORMAT = dwarf;
				ENABLE_STRICT_OBJC_MSGSEND = YES;
				ENABLE_TESTABILITY = YES;
				GCC_C_LANGUAGE_STANDARD = gnu11;
				GCC_DYNAMIC_NO_PIC = NO;
				GCC_NO_COMMON_BLOCKS = YES;
				GCC_OPTIMIZATION_LEVEL = 0;
				GCC_PREPROCESSOR_DEFINITIONS = (
					"DEBUG=1",
					"$(inherited)",
				);
				GCC_WARN_64_TO_32_BIT_CONVERSION = YES;
				GCC_WARN_ABOUT_RETURN_TYPE = YES_ERROR;
				GCC_WARN_UNDECLARED_SELECTOR = YES;
				GCC_WARN_UNINITIALIZED_AUTOS = YES_AGGRESSIVE;
				GCC_WARN_UNUSED_FUNCTION = YES;
				GCC_WARN_UNUSED_VARIABLE = YES;
				IPHONEOS_DEPLOYMENT_TARGET = 14.5;
				MTL_ENABLE_DEBUG_INFO = INCLUDE_SOURCE;
				MTL_FAST_MATH = YES;
				ONLY_ACTIVE_ARCH = YES;
				SDKROOT = iphoneos;
				SWIFT_ACTIVE_COMPILATION_CONDITIONS = DEBUG;
				SWIFT_OPTIMIZATION_LEVEL = "-Onone";
			};
			name = Debug;
		};
		518A211526EE845600CFAFC8 /* Release */ = {
			isa = XCBuildConfiguration;
			buildSettings = {
				ALWAYS_SEARCH_USER_PATHS = NO;
				CLANG_ANALYZER_LOCALIZABILITY_NONLOCALIZED = YES;
				CLANG_ANALYZER_NONNULL = YES;
				CLANG_ANALYZER_NUMBER_OBJECT_CONVERSION = YES_AGGRESSIVE;
				CLANG_CXX_LANGUAGE_STANDARD = "gnu++14";
				CLANG_CXX_LIBRARY = "libc++";
				CLANG_ENABLE_MODULES = YES;
				CLANG_ENABLE_OBJC_ARC = YES;
				CLANG_ENABLE_OBJC_WEAK = YES;
				CLANG_WARN_BLOCK_CAPTURE_AUTORELEASING = YES;
				CLANG_WARN_BOOL_CONVERSION = YES;
				CLANG_WARN_COMMA = YES;
				CLANG_WARN_CONSTANT_CONVERSION = YES;
				CLANG_WARN_DEPRECATED_OBJC_IMPLEMENTATIONS = YES;
				CLANG_WARN_DIRECT_OBJC_ISA_USAGE = YES_ERROR;
				CLANG_WARN_DOCUMENTATION_COMMENTS = YES;
				CLANG_WARN_EMPTY_BODY = YES;
				CLANG_WARN_ENUM_CONVERSION = YES;
				CLANG_WARN_INFINITE_RECURSION = YES;
				CLANG_WARN_INT_CONVERSION = YES;
				CLANG_WARN_NON_LITERAL_NULL_CONVERSION = YES;
				CLANG_WARN_OBJC_IMPLICIT_RETAIN_SELF = YES;
				CLANG_WARN_OBJC_LITERAL_CONVERSION = YES;
				CLANG_WARN_OBJC_ROOT_CLASS = YES_ERROR;
				CLANG_WARN_QUOTED_INCLUDE_IN_FRAMEWORK_HEADER = YES;
				CLANG_WARN_RANGE_LOOP_ANALYSIS = YES;
				CLANG_WARN_STRICT_PROTOTYPES = YES;
				CLANG_WARN_SUSPICIOUS_MOVE = YES;
				CLANG_WARN_UNGUARDED_AVAILABILITY = YES_AGGRESSIVE;
				CLANG_WARN_UNREACHABLE_CODE = YES;
				CLANG_WARN__DUPLICATE_METHOD_MATCH = YES;
				COPY_PHASE_STRIP = NO;
				DEBUG_INFORMATION_FORMAT = "dwarf-with-dsym";
				ENABLE_NS_ASSERTIONS = NO;
				ENABLE_STRICT_OBJC_MSGSEND = YES;
				GCC_C_LANGUAGE_STANDARD = gnu11;
				GCC_NO_COMMON_BLOCKS = YES;
				GCC_WARN_64_TO_32_BIT_CONVERSION = YES;
				GCC_WARN_ABOUT_RETURN_TYPE = YES_ERROR;
				GCC_WARN_UNDECLARED_SELECTOR = YES;
				GCC_WARN_UNINITIALIZED_AUTOS = YES_AGGRESSIVE;
				GCC_WARN_UNUSED_FUNCTION = YES;
				GCC_WARN_UNUSED_VARIABLE = YES;
				IPHONEOS_DEPLOYMENT_TARGET = 14.5;
				MTL_ENABLE_DEBUG_INFO = NO;
				MTL_FAST_MATH = YES;
				SDKROOT = iphoneos;
				SWIFT_COMPILATION_MODE = wholemodule;
				SWIFT_OPTIMIZATION_LEVEL = "-O";
				VALIDATE_PRODUCT = YES;
			};
			name = Release;
		};
		518A211726EE845600CFAFC8 /* Debug */ = {
			isa = XCBuildConfiguration;
			buildSettings = {
				ASSETCATALOG_COMPILER_APPICON_NAME = AppIcon;
				ASSETCATALOG_COMPILER_GLOBAL_ACCENT_COLOR_NAME = AccentColor;
				CODE_SIGN_STYLE = Automatic;
				DEVELOPMENT_TEAM = 8FNYAR5ABD;
				INFOPLIST_FILE = bCash/Info.plist;
				LD_RUNPATH_SEARCH_PATHS = (
					"$(inherited)",
					"@executable_path/Frameworks",
				);
				PRODUCT_BUNDLE_IDENTIFIER = me.indiestudio.bCash;
				PRODUCT_NAME = "$(TARGET_NAME)";
				SWIFT_VERSION = 5.0;
				TARGETED_DEVICE_FAMILY = "1,2";
			};
			name = Debug;
		};
		518A211826EE845600CFAFC8 /* Release */ = {
			isa = XCBuildConfiguration;
			buildSettings = {
				ASSETCATALOG_COMPILER_APPICON_NAME = AppIcon;
				ASSETCATALOG_COMPILER_GLOBAL_ACCENT_COLOR_NAME = AccentColor;
				CODE_SIGN_STYLE = Automatic;
				DEVELOPMENT_TEAM = 8FNYAR5ABD;
				INFOPLIST_FILE = bCash/Info.plist;
				LD_RUNPATH_SEARCH_PATHS = (
					"$(inherited)",
					"@executable_path/Frameworks",
				);
				PRODUCT_BUNDLE_IDENTIFIER = me.indiestudio.bCash;
				PRODUCT_NAME = "$(TARGET_NAME)";
				SWIFT_VERSION = 5.0;
				TARGETED_DEVICE_FAMILY = "1,2";
			};
			name = Release;
		};
		518A211A26EE845600CFAFC8 /* Debug */ = {
			isa = XCBuildConfiguration;
			buildSettings = {
				ALWAYS_EMBED_SWIFT_STANDARD_LIBRARIES = YES;
				BUNDLE_LOADER = "$(TEST_HOST)";
				CODE_SIGN_STYLE = Automatic;
				DEVELOPMENT_TEAM = 8FNYAR5ABD;
				INFOPLIST_FILE = bCashTests/Info.plist;
				IPHONEOS_DEPLOYMENT_TARGET = 14.5;
				LD_RUNPATH_SEARCH_PATHS = (
					"$(inherited)",
					"@executable_path/Frameworks",
					"@loader_path/Frameworks",
				);
				PRODUCT_BUNDLE_IDENTIFIER = me.indiestudio.bCashTests;
				PRODUCT_NAME = "$(TARGET_NAME)";
				SWIFT_VERSION = 5.0;
				TARGETED_DEVICE_FAMILY = "1,2";
				TEST_HOST = "$(BUILT_PRODUCTS_DIR)/bCash.app/bCash";
			};
			name = Debug;
		};
		518A211B26EE845600CFAFC8 /* Release */ = {
			isa = XCBuildConfiguration;
			buildSettings = {
				ALWAYS_EMBED_SWIFT_STANDARD_LIBRARIES = YES;
				BUNDLE_LOADER = "$(TEST_HOST)";
				CODE_SIGN_STYLE = Automatic;
				DEVELOPMENT_TEAM = 8FNYAR5ABD;
				INFOPLIST_FILE = bCashTests/Info.plist;
				IPHONEOS_DEPLOYMENT_TARGET = 14.5;
				LD_RUNPATH_SEARCH_PATHS = (
					"$(inherited)",
					"@executable_path/Frameworks",
					"@loader_path/Frameworks",
				);
				PRODUCT_BUNDLE_IDENTIFIER = me.indiestudio.bCashTests;
				PRODUCT_NAME = "$(TARGET_NAME)";
				SWIFT_VERSION = 5.0;
				TARGETED_DEVICE_FAMILY = "1,2";
				TEST_HOST = "$(BUILT_PRODUCTS_DIR)/bCash.app/bCash";
			};
			name = Release;
		};
		518A211D26EE845600CFAFC8 /* Debug */ = {
			isa = XCBuildConfiguration;
			buildSettings = {
				ALWAYS_EMBED_SWIFT_STANDARD_LIBRARIES = YES;
				CODE_SIGN_STYLE = Automatic;
				DEVELOPMENT_TEAM = 8FNYAR5ABD;
				INFOPLIST_FILE = bCashUITests/Info.plist;
				LD_RUNPATH_SEARCH_PATHS = (
					"$(inherited)",
					"@executable_path/Frameworks",
					"@loader_path/Frameworks",
				);
				PRODUCT_BUNDLE_IDENTIFIER = me.indiestudio.bCashUITests;
				PRODUCT_NAME = "$(TARGET_NAME)";
				SWIFT_VERSION = 5.0;
				TARGETED_DEVICE_FAMILY = "1,2";
				TEST_TARGET_NAME = bCash;
			};
			name = Debug;
		};
		518A211E26EE845600CFAFC8 /* Release */ = {
			isa = XCBuildConfiguration;
			buildSettings = {
				ALWAYS_EMBED_SWIFT_STANDARD_LIBRARIES = YES;
				CODE_SIGN_STYLE = Automatic;
				DEVELOPMENT_TEAM = 8FNYAR5ABD;
				INFOPLIST_FILE = bCashUITests/Info.plist;
				LD_RUNPATH_SEARCH_PATHS = (
					"$(inherited)",
					"@executable_path/Frameworks",
					"@loader_path/Frameworks",
				);
				PRODUCT_BUNDLE_IDENTIFIER = me.indiestudio.bCashUITests;
				PRODUCT_NAME = "$(TARGET_NAME)";
				SWIFT_VERSION = 5.0;
				TARGETED_DEVICE_FAMILY = "1,2";
				TEST_TARGET_NAME = bCash;
			};
			name = Release;
		};
/* End XCBuildConfiguration section */

/* Begin XCConfigurationList section */
		518A20E726EE845400CFAFC8 /* Build configuration list for PBXProject "bCash" */ = {
			isa = XCConfigurationList;
			buildConfigurations = (
				518A211426EE845600CFAFC8 /* Debug */,
				518A211526EE845600CFAFC8 /* Release */,
			);
			defaultConfigurationIsVisible = 0;
			defaultConfigurationName = Release;
		};
		518A211626EE845600CFAFC8 /* Build configuration list for PBXNativeTarget "bCash" */ = {
			isa = XCConfigurationList;
			buildConfigurations = (
				518A211726EE845600CFAFC8 /* Debug */,
				518A211826EE845600CFAFC8 /* Release */,
			);
			defaultConfigurationIsVisible = 0;
			defaultConfigurationName = Release;
		};
		518A211926EE845600CFAFC8 /* Build configuration list for PBXNativeTarget "bCashTests" */ = {
			isa = XCConfigurationList;
			buildConfigurations = (
				518A211A26EE845600CFAFC8 /* Debug */,
				518A211B26EE845600CFAFC8 /* Release */,
			);
			defaultConfigurationIsVisible = 0;
			defaultConfigurationName = Release;
		};
		518A211C26EE845600CFAFC8 /* Build configuration list for PBXNativeTarget "bCashUITests" */ = {
			isa = XCConfigurationList;
			buildConfigurations = (
				518A211D26EE845600CFAFC8 /* Debug */,
				518A211E26EE845600CFAFC8 /* Release */,
			);
			defaultConfigurationIsVisible = 0;
			defaultConfigurationName = Release;
		};
/* End XCConfigurationList section */
	};
	rootObject = 518A20E426EE845400CFAFC8 /* Project object */;
}
